
Microsoft Visual Studio Solution File, Format Version 12.00
# Visual Studio Version 17
VisualStudioVersion = 17.3.32804.467
MinimumVisualStudioVersion = 10.0.40219.1
Project("{FAE04EC0-301F-11D3-BF4B-00C04F79EFBC}") = "Ibrahimogod.Repository", "Ibrahimogod.Repository\Ibrahimogod.Repository.csproj", "{EC83F2CD-65C2-4DAC-8CCA-2A7899526536}"
EndProject
Global
	GlobalSection(SolutionConfigurationPlatforms) = preSolution
		Debug|Any CPU = Debug|Any CPU
		Release|Any CPU = Release|Any CPU
	EndGlobalSection
	GlobalSection(ProjectConfigurationPlatforms) = postSolution
		{EC83F2CD-65C2-4DAC-8CCA-2A7899526536}.Debug|Any CPU.ActiveCfg = Debug|Any CPU
		{EC83F2CD-65C2-4DAC-8CCA-2A7899526536}.Debug|Any CPU.Build.0 = Debug|Any CPU
		{EC83F2CD-65C2-4DAC-8CCA-2A7899526536}.Release|Any CPU.ActiveCfg = Release|Any CPU
		{EC83F2CD-65C2-4DAC-8CCA-2A7899526536}.Release|Any CPU.Build.0 = Release|Any CPU
	EndGlobalSection
	GlobalSection(SolutionProperties) = preSolution
		HideSolutionNode = FALSE
	EndGlobalSection
	GlobalSection(ExtensibilityGlobals) = postSolution
		SolutionGuid = {0D4BA9E4-358F-44BB-9B54-086D7713A1AC}
	EndGlobalSection
EndGlobal
